// !$*UTF8*$!
{
	archiveVersion = 1;
	classes = {
	};
	objectVersion = 56;
	objects = {

/* Begin PBXBuildFile section */
		B2331D9629F83969008E7677 /* MenuScene.sks in Resources */ = {isa = PBXBuildFile; fileRef = B2331D9529F83969008E7677 /* MenuScene.sks */; };
		B2331D9D29F844CA008E7677 /* RulesScene.swift in Sources */ = {isa = PBXBuildFile; fileRef = B2331D9C29F844CA008E7677 /* RulesScene.swift */; };
		B2331D9F29F844E6008E7677 /* RulesScene.sks in Resources */ = {isa = PBXBuildFile; fileRef = B2331D9E29F844E6008E7677 /* RulesScene.sks */; };
		B2331DA229F859BC008E7677 /* LoadScene.swift in Sources */ = {isa = PBXBuildFile; fileRef = B2331DA129F859BC008E7677 /* LoadScene.swift */; };
		B2331DA429F859CC008E7677 /* LoadScene.sks in Resources */ = {isa = PBXBuildFile; fileRef = B2331DA329F859CC008E7677 /* LoadScene.sks */; };
		B2331DA829F86068008E7677 /* Level1.swift in Sources */ = {isa = PBXBuildFile; fileRef = B2331DA729F86068008E7677 /* Level1.swift */; };
		B2331DAA29F86086008E7677 /* Level1.sks in Resources */ = {isa = PBXBuildFile; fileRef = B2331DA929F86086008E7677 /* Level1.sks */; };
		B2331DAD29F864E0008E7677 /* BuyThemeScene.swift in Sources */ = {isa = PBXBuildFile; fileRef = B2331DAC29F864E0008E7677 /* BuyThemeScene.swift */; };
		B2331DAF29F864F5008E7677 /* BuyThemeScene.sks in Resources */ = {isa = PBXBuildFile; fileRef = B2331DAE29F864F5008E7677 /* BuyThemeScene.sks */; };
		B2331DB229F87178008E7677 /* SettingsScene.swift in Sources */ = {isa = PBXBuildFile; fileRef = B2331DB129F87178008E7677 /* SettingsScene.swift */; };
		B2331DB429F87189008E7677 /* SettingsScene.sks in Resources */ = {isa = PBXBuildFile; fileRef = B2331DB329F87189008E7677 /* SettingsScene.sks */; };
		B259C4ED29F8329B00DE7196 /* AppDelegate.swift in Sources */ = {isa = PBXBuildFile; fileRef = B259C4EC29F8329B00DE7196 /* AppDelegate.swift */; };
		B259C4F329F8329B00DE7196 /* MenuScene.swift in Sources */ = {isa = PBXBuildFile; fileRef = B259C4F229F8329B00DE7196 /* MenuScene.swift */; };
		B259C4F529F8329B00DE7196 /* GameViewController.swift in Sources */ = {isa = PBXBuildFile; fileRef = B259C4F429F8329B00DE7196 /* GameViewController.swift */; };
		B259C4FA29F8329D00DE7196 /* Assets.xcassets in Resources */ = {isa = PBXBuildFile; fileRef = B259C4F929F8329D00DE7196 /* Assets.xcassets */; };
		B259C4FD29F8329D00DE7196 /* LaunchScreen.storyboard in Resources */ = {isa = PBXBuildFile; fileRef = B259C4FB29F8329D00DE7196 /* LaunchScreen.storyboard */; };
		B2C1689129FA3E3600E3534F /* Level7.swift in Sources */ = {isa = PBXBuildFile; fileRef = B2C1688F29FA3E3500E3534F /* Level7.swift */; };
		B2C1689229FA3E3600E3534F /* Level7.sks in Resources */ = {isa = PBXBuildFile; fileRef = B2C1689029FA3E3500E3534F /* Level7.sks */; };
		B2C1689629FA3E4600E3534F /* Level8.swift in Sources */ = {isa = PBXBuildFile; fileRef = B2C1689429FA3E4600E3534F /* Level8.swift */; };
		B2C1689729FA3E4600E3534F /* Level8.sks in Resources */ = {isa = PBXBuildFile; fileRef = B2C1689529FA3E4600E3534F /* Level8.sks */; };
		B2C1689B29FA3E5400E3534F /* Level9.swift in Sources */ = {isa = PBXBuildFile; fileRef = B2C1689929FA3E5400E3534F /* Level9.swift */; };
		B2C1689C29FA3E5400E3534F /* Level9.sks in Resources */ = {isa = PBXBuildFile; fileRef = B2C1689A29FA3E5400E3534F /* Level9.sks */; };
		B2C168A029FA3E5F00E3534F /* Level10.swift in Sources */ = {isa = PBXBuildFile; fileRef = B2C1689E29FA3E5F00E3534F /* Level10.swift */; };
		B2C168A129FA3E5F00E3534F /* Level10.sks in Resources */ = {isa = PBXBuildFile; fileRef = B2C1689F29FA3E5F00E3534F /* Level10.sks */; };
		B2C168A429FA41C500E3534F /* StorageManager.swift in Sources */ = {isa = PBXBuildFile; fileRef = B2C168A329FA41C500E3534F /* StorageManager.swift */; };
		B2DA25F529F8FBC300579E42 /* WheelOfFortuneScene.swift in Sources */ = {isa = PBXBuildFile; fileRef = B2DA25F429F8FBC300579E42 /* WheelOfFortuneScene.swift */; };
		B2DA25F729F8FBDA00579E42 /* WheelOfFortuneScene.sks in Resources */ = {isa = PBXBuildFile; fileRef = B2DA25F629F8FBDA00579E42 /* WheelOfFortuneScene.sks */; };
		B2DA25FA29F90B4100579E42 /* GamePauseScene.swift in Sources */ = {isa = PBXBuildFile; fileRef = B2DA25F929F90B4100579E42 /* GamePauseScene.swift */; };
		B2DA25FD29F91EC700579E42 /* GameWinScene.swift in Sources */ = {isa = PBXBuildFile; fileRef = B2DA25FC29F91EC700579E42 /* GameWinScene.swift */; };
		B2DA260229F9AF9100579E42 /* Level2.swift in Sources */ = {isa = PBXBuildFile; fileRef = B2DA260129F9AF9100579E42 /* Level2.swift */; };
		B2DA260429F9AFA100579E42 /* Level2.sks in Resources */ = {isa = PBXBuildFile; fileRef = B2DA260329F9AFA100579E42 /* Level2.sks */; };
		B2DA260729F9B57700579E42 /* Level3.swift in Sources */ = {isa = PBXBuildFile; fileRef = B2DA260629F9B57700579E42 /* Level3.swift */; };
		B2DA260929F9B58700579E42 /* Level3.sks in Resources */ = {isa = PBXBuildFile; fileRef = B2DA260829F9B58700579E42 /* Level3.sks */; };
		B2DA260C29F9BC3900579E42 /* Level4.swift in Sources */ = {isa = PBXBuildFile; fileRef = B2DA260B29F9BC3900579E42 /* Level4.swift */; };
		B2DA260E29F9BC4B00579E42 /* Level4.sks in Resources */ = {isa = PBXBuildFile; fileRef = B2DA260D29F9BC4B00579E42 /* Level4.sks */; };
		B2DA261129F9C20100579E42 /* Level5.swift in Sources */ = {isa = PBXBuildFile; fileRef = B2DA261029F9C20100579E42 /* Level5.swift */; };
		B2DA261329F9C23900579E42 /* Level5.sks in Resources */ = {isa = PBXBuildFile; fileRef = B2DA261229F9C23900579E42 /* Level5.sks */; };
		B2DC62A729FD61690037A985 /* Level6.sks in Resources */ = {isa = PBXBuildFile; fileRef = B2DC62A629FD61690037A985 /* Level6.sks */; };
		B2ECEBEC29FA3BCF009FB529 /* Level6.swift in Sources */ = {isa = PBXBuildFile; fileRef = B2ECEBEA29FA3BCF009FB529 /* Level6.swift */; };
/* End PBXBuildFile section */

/* Begin PBXFileReference section */
		B2331D9529F83969008E7677 /* MenuScene.sks */ = {isa = PBXFileReference; lastKnownFileType = file.sks; path = MenuScene.sks; sourceTree = "<group>"; };
		B2331D9C29F844CA008E7677 /* RulesScene.swift */ = {isa = PBXFileReference; lastKnownFileType = sourcecode.swift; path = RulesScene.swift; sourceTree = "<group>"; };
		B2331D9E29F844E6008E7677 /* RulesScene.sks */ = {isa = PBXFileReference; lastKnownFileType = file.sks; path = RulesScene.sks; sourceTree = "<group>"; };
		B2331DA129F859BC008E7677 /* LoadScene.swift */ = {isa = PBXFileReference; lastKnownFileType = sourcecode.swift; path = LoadScene.swift; sourceTree = "<group>"; };
		B2331DA329F859CC008E7677 /* LoadScene.sks */ = {isa = PBXFileReference; lastKnownFileType = file.sks; path = LoadScene.sks; sourceTree = "<group>"; };
		B2331DA729F86068008E7677 /* Level1.swift */ = {isa = PBXFileReference; lastKnownFileType = sourcecode.swift; path = Level1.swift; sourceTree = "<group>"; };
		B2331DA929F86086008E7677 /* Level1.sks */ = {isa = PBXFileReference; lastKnownFileType = file.sks; path = Level1.sks; sourceTree = "<group>"; };
		B2331DAC29F864E0008E7677 /* BuyThemeScene.swift */ = {isa = PBXFileReference; lastKnownFileType = sourcecode.swift; path = BuyThemeScene.swift; sourceTree = "<group>"; };
		B2331DAE29F864F5008E7677 /* BuyThemeScene.sks */ = {isa = PBXFileReference; lastKnownFileType = file.sks; path = BuyThemeScene.sks; sourceTree = "<group>"; };
		B2331DB129F87178008E7677 /* SettingsScene.swift */ = {isa = PBXFileReference; lastKnownFileType = sourcecode.swift; path = SettingsScene.swift; sourceTree = "<group>"; };
		B2331DB329F87189008E7677 /* SettingsScene.sks */ = {isa = PBXFileReference; lastKnownFileType = file.sks; path = SettingsScene.sks; sourceTree = "<group>"; };
		B259C4E929F8329B00DE7196 /* EmperorOfGold.app */ = {isa = PBXFileReference; explicitFileType = wrapper.application; includeInIndex = 0; path = EmperorOfGold.app; sourceTree = BUILT_PRODUCTS_DIR; };
		B259C4EC29F8329B00DE7196 /* AppDelegate.swift */ = {isa = PBXFileReference; lastKnownFileType = sourcecode.swift; path = AppDelegate.swift; sourceTree = "<group>"; };
		B259C4F229F8329B00DE7196 /* MenuScene.swift */ = {isa = PBXFileReference; lastKnownFileType = sourcecode.swift; path = MenuScene.swift; sourceTree = "<group>"; };
		B259C4F429F8329B00DE7196 /* GameViewController.swift */ = {isa = PBXFileReference; lastKnownFileType = sourcecode.swift; path = GameViewController.swift; sourceTree = "<group>"; };
		B259C4F929F8329D00DE7196 /* Assets.xcassets */ = {isa = PBXFileReference; lastKnownFileType = folder.assetcatalog; path = Assets.xcassets; sourceTree = "<group>"; };
		B259C4FC29F8329D00DE7196 /* Base */ = {isa = PBXFileReference; lastKnownFileType = file.storyboard; name = Base; path = Base.lproj/LaunchScreen.storyboard; sourceTree = "<group>"; };
		B2C1688F29FA3E3500E3534F /* Level7.swift */ = {isa = PBXFileReference; fileEncoding = 4; lastKnownFileType = sourcecode.swift; path = Level7.swift; sourceTree = "<group>"; };
		B2C1689029FA3E3500E3534F /* Level7.sks */ = {isa = PBXFileReference; lastKnownFileType = file.sks; path = Level7.sks; sourceTree = "<group>"; };
		B2C1689429FA3E4600E3534F /* Level8.swift */ = {isa = PBXFileReference; fileEncoding = 4; lastKnownFileType = sourcecode.swift; path = Level8.swift; sourceTree = "<group>"; };
		B2C1689529FA3E4600E3534F /* Level8.sks */ = {isa = PBXFileReference; lastKnownFileType = file.sks; path = Level8.sks; sourceTree = "<group>"; };
		B2C1689929FA3E5400E3534F /* Level9.swift */ = {isa = PBXFileReference; fileEncoding = 4; lastKnownFileType = sourcecode.swift; path = Level9.swift; sourceTree = "<group>"; };
		B2C1689A29FA3E5400E3534F /* Level9.sks */ = {isa = PBXFileReference; lastKnownFileType = file.sks; path = Level9.sks; sourceTree = "<group>"; };
		B2C1689E29FA3E5F00E3534F /* Level10.swift */ = {isa = PBXFileReference; fileEncoding = 4; lastKnownFileType = sourcecode.swift; path = Level10.swift; sourceTree = "<group>"; };
		B2C1689F29FA3E5F00E3534F /* Level10.sks */ = {isa = PBXFileReference; lastKnownFileType = file.sks; path = Level10.sks; sourceTree = "<group>"; };
		B2C168A329FA41C500E3534F /* StorageManager.swift */ = {isa = PBXFileReference; lastKnownFileType = sourcecode.swift; path = StorageManager.swift; sourceTree = "<group>"; };
		B2DA25F429F8FBC300579E42 /* WheelOfFortuneScene.swift */ = {isa = PBXFileReference; lastKnownFileType = sourcecode.swift; path = WheelOfFortuneScene.swift; sourceTree = "<group>"; };
		B2DA25F629F8FBDA00579E42 /* WheelOfFortuneScene.sks */ = {isa = PBXFileReference; lastKnownFileType = file.sks; path = WheelOfFortuneScene.sks; sourceTree = "<group>"; };
		B2DA25F929F90B4100579E42 /* GamePauseScene.swift */ = {isa = PBXFileReference; lastKnownFileType = sourcecode.swift; path = GamePauseScene.swift; sourceTree = "<group>"; };
		B2DA25FC29F91EC700579E42 /* GameWinScene.swift */ = {isa = PBXFileReference; lastKnownFileType = sourcecode.swift; path = GameWinScene.swift; sourceTree = "<group>"; };
		B2DA260129F9AF9100579E42 /* Level2.swift */ = {isa = PBXFileReference; lastKnownFileType = sourcecode.swift; path = Level2.swift; sourceTree = "<group>"; };
		B2DA260329F9AFA100579E42 /* Level2.sks */ = {isa = PBXFileReference; lastKnownFileType = file.sks; path = Level2.sks; sourceTree = "<group>"; };
		B2DA260629F9B57700579E42 /* Level3.swift */ = {isa = PBXFileReference; lastKnownFileType = sourcecode.swift; path = Level3.swift; sourceTree = "<group>"; };
		B2DA260829F9B58700579E42 /* Level3.sks */ = {isa = PBXFileReference; lastKnownFileType = file.sks; path = Level3.sks; sourceTree = "<group>"; };
		B2DA260B29F9BC3900579E42 /* Level4.swift */ = {isa = PBXFileReference; lastKnownFileType = sourcecode.swift; path = Level4.swift; sourceTree = "<group>"; };
		B2DA260D29F9BC4B00579E42 /* Level4.sks */ = {isa = PBXFileReference; lastKnownFileType = file.sks; path = Level4.sks; sourceTree = "<group>"; };
		B2DA261029F9C20100579E42 /* Level5.swift */ = {isa = PBXFileReference; lastKnownFileType = sourcecode.swift; path = Level5.swift; sourceTree = "<group>"; };
		B2DA261229F9C23900579E42 /* Level5.sks */ = {isa = PBXFileReference; lastKnownFileType = file.sks; path = Level5.sks; sourceTree = "<group>"; };
		B2DC62A629FD61690037A985 /* Level6.sks */ = {isa = PBXFileReference; lastKnownFileType = file.sks; path = Level6.sks; sourceTree = "<group>"; };
		B2ECEBEA29FA3BCF009FB529 /* Level6.swift */ = {isa = PBXFileReference; fileEncoding = 4; lastKnownFileType = sourcecode.swift; path = Level6.swift; sourceTree = "<group>"; };
/* End PBXFileReference section */

/* Begin PBXFrameworksBuildPhase section */
		B259C4E629F8329B00DE7196 /* Frameworks */ = {
			isa = PBXFrameworksBuildPhase;
			buildActionMask = 2147483647;
			files = (
			);
			runOnlyForDeploymentPostprocessing = 0;
		};
/* End PBXFrameworksBuildPhase section */

/* Begin PBXGroup section */
		B2331D9729F84193008E7677 /* MenuScene */ = {
			isa = PBXGroup;
			children = (
				B259C4F229F8329B00DE7196 /* MenuScene.swift */,
				B2331D9529F83969008E7677 /* MenuScene.sks */,
			);
			path = MenuScene;
			sourceTree = "<group>";
		};
		B2331D9829F84442008E7677 /* SupportingFilles */ = {
			isa = PBXGroup;
			children = (
				B259C4F929F8329D00DE7196 /* Assets.xcassets */,
				B259C4FB29F8329D00DE7196 /* LaunchScreen.storyboard */,
			);
			path = SupportingFilles;
			sourceTree = "<group>";
		};
		B2331D9929F8447A008E7677 /* Application */ = {
			isa = PBXGroup;
			children = (
				B259C4EC29F8329B00DE7196 /* AppDelegate.swift */,
			);
			path = Application;
			sourceTree = "<group>";
		};
		B2331D9A29F8449B008E7677 /* GameSceneView */ = {
			isa = PBXGroup;
			children = (
				B2DA25F329F8FB7000579E42 /* WheelOfFortuneScene */,
				B2331DB029F8714D008E7677 /* SettingsScene */,
				B2331DAB29F864B2008E7677 /* BuyThemeScene */,
				B2331DA529F85F6A008E7677 /* GameLevels */,
				B2331DA029F859A3008E7677 /* LoadScene */,
				B2331D9B29F844B2008E7677 /* RulesScene */,
				B2331D9729F84193008E7677 /* MenuScene */,
				B259C4F429F8329B00DE7196 /* GameViewController.swift */,
			);
			path = GameSceneView;
			sourceTree = "<group>";
		};
		B2331D9B29F844B2008E7677 /* RulesScene */ = {
			isa = PBXGroup;
			children = (
				B2331D9C29F844CA008E7677 /* RulesScene.swift */,
				B2331D9E29F844E6008E7677 /* RulesScene.sks */,
			);
			path = RulesScene;
			sourceTree = "<group>";
		};
		B2331DA029F859A3008E7677 /* LoadScene */ = {
			isa = PBXGroup;
			children = (
				B2331DA129F859BC008E7677 /* LoadScene.swift */,
				B2331DA329F859CC008E7677 /* LoadScene.sks */,
			);
			path = LoadScene;
			sourceTree = "<group>";
		};
		B2331DA529F85F6A008E7677 /* GameLevels */ = {
			isa = PBXGroup;
			children = (
				B2C1689D29FA3E5F00E3534F /* Level10 */,
				B2C1689829FA3E5400E3534F /* Level9 */,
				B2C1689329FA3E4600E3534F /* Level8 */,
				B2C1688E29FA3E3500E3534F /* Level7 */,
				B2ECEBE929FA3BCF009FB529 /* Level6 */,
				B2DA260F29F9C1D600579E42 /* Level5 */,
				B2DA260A29F9BC2000579E42 /* Level4 */,
				B2DA260529F9B56600579E42 /* Level3 */,
				B2DA260029F9AF7C00579E42 /* Level2 */,
				B2331DA629F85F97008E7677 /* Level1 */,
				B2DA25FB29F91E9E00579E42 /* GameWinScene */,
				B2DA25F829F90B0000579E42 /* GamePauseScene */,
			);
			path = GameLevels;
			sourceTree = "<group>";
		};
		B2331DA629F85F97008E7677 /* Level1 */ = {
			isa = PBXGroup;
			children = (
				B2331DA729F86068008E7677 /* Level1.swift */,
				B2331DA929F86086008E7677 /* Level1.sks */,
			);
			path = Level1;
			sourceTree = "<group>";
		};
		B2331DAB29F864B2008E7677 /* BuyThemeScene */ = {
			isa = PBXGroup;
			children = (
				B2331DAC29F864E0008E7677 /* BuyThemeScene.swift */,
				B2331DAE29F864F5008E7677 /* BuyThemeScene.sks */,
			);
			path = BuyThemeScene;
			sourceTree = "<group>";
		};
		B2331DB029F8714D008E7677 /* SettingsScene */ = {
			isa = PBXGroup;
			children = (
				B2331DB129F87178008E7677 /* SettingsScene.swift */,
				B2331DB329F87189008E7677 /* SettingsScene.sks */,
			);
			path = SettingsScene;
			sourceTree = "<group>";
		};
		B259C4E029F8329B00DE7196 = {
			isa = PBXGroup;
			children = (
				B259C4EB29F8329B00DE7196 /* EmperorOfGold */,
				B259C4EA29F8329B00DE7196 /* Products */,
			);
			sourceTree = "<group>";
		};
		B259C4EA29F8329B00DE7196 /* Products */ = {
			isa = PBXGroup;
			children = (
				B259C4E929F8329B00DE7196 /* EmperorOfGold.app */,
			);
			name = Products;
			sourceTree = "<group>";
		};
		B259C4EB29F8329B00DE7196 /* EmperorOfGold */ = {
			isa = PBXGroup;
			children = (
				B2331D9929F8447A008E7677 /* Application */,
				B2C168A229FA417B00E3534F /* StorageManager */,
				B2331D9A29F8449B008E7677 /* GameSceneView */,
				B2331D9829F84442008E7677 /* SupportingFilles */,
			);
			path = EmperorOfGold;
			sourceTree = "<group>";
		};
		B2C1688E29FA3E3500E3534F /* Level7 */ = {
			isa = PBXGroup;
			children = (
				B2C1688F29FA3E3500E3534F /* Level7.swift */,
				B2C1689029FA3E3500E3534F /* Level7.sks */,
			);
			path = Level7;
			sourceTree = "<group>";
		};
		B2C1689329FA3E4600E3534F /* Level8 */ = {
			isa = PBXGroup;
			children = (
				B2C1689429FA3E4600E3534F /* Level8.swift */,
				B2C1689529FA3E4600E3534F /* Level8.sks */,
			);
			path = Level8;
			sourceTree = "<group>";
		};
		B2C1689829FA3E5400E3534F /* Level9 */ = {
			isa = PBXGroup;
			children = (
				B2C1689929FA3E5400E3534F /* Level9.swift */,
				B2C1689A29FA3E5400E3534F /* Level9.sks */,
			);
			path = Level9;
			sourceTree = "<group>";
		};
		B2C1689D29FA3E5F00E3534F /* Level10 */ = {
			isa = PBXGroup;
			children = (
				B2C1689E29FA3E5F00E3534F /* Level10.swift */,
				B2C1689F29FA3E5F00E3534F /* Level10.sks */,
			);
			path = Level10;
			sourceTree = "<group>";
		};
		B2C168A229FA417B00E3534F /* StorageManager */ = {
			isa = PBXGroup;
			children = (
				B2C168A329FA41C500E3534F /* StorageManager.swift */,
			);
			path = StorageManager;
			sourceTree = "<group>";
		};
		B2DA25F329F8FB7000579E42 /* WheelOfFortuneScene */ = {
			isa = PBXGroup;
			children = (
				B2DA25F429F8FBC300579E42 /* WheelOfFortuneScene.swift */,
				B2DA25F629F8FBDA00579E42 /* WheelOfFortuneScene.sks */,
			);
			path = WheelOfFortuneScene;
			sourceTree = "<group>";
		};
		B2DA25F829F90B0000579E42 /* GamePauseScene */ = {
			isa = PBXGroup;
			children = (
				B2DA25F929F90B4100579E42 /* GamePauseScene.swift */,
			);
			path = GamePauseScene;
			sourceTree = "<group>";
		};
		B2DA25FB29F91E9E00579E42 /* GameWinScene */ = {
			isa = PBXGroup;
			children = (
				B2DA25FC29F91EC700579E42 /* GameWinScene.swift */,
			);
			path = GameWinScene;
			sourceTree = "<group>";
		};
		B2DA260029F9AF7C00579E42 /* Level2 */ = {
			isa = PBXGroup;
			children = (
				B2DA260129F9AF9100579E42 /* Level2.swift */,
				B2DA260329F9AFA100579E42 /* Level2.sks */,
			);
			path = Level2;
			sourceTree = "<group>";
		};
		B2DA260529F9B56600579E42 /* Level3 */ = {
			isa = PBXGroup;
			children = (
				B2DA260629F9B57700579E42 /* Level3.swift */,
				B2DA260829F9B58700579E42 /* Level3.sks */,
			);
			path = Level3;
			sourceTree = "<group>";
		};
		B2DA260A29F9BC2000579E42 /* Level4 */ = {
			isa = PBXGroup;
			children = (
				B2DA260B29F9BC3900579E42 /* Level4.swift */,
				B2DA260D29F9BC4B00579E42 /* Level4.sks */,
			);
			path = Level4;
			sourceTree = "<group>";
		};
		B2DA260F29F9C1D600579E42 /* Level5 */ = {
			isa = PBXGroup;
			children = (
				B2DA261029F9C20100579E42 /* Level5.swift */,
				B2DA261229F9C23900579E42 /* Level5.sks */,
			);
			path = Level5;
			sourceTree = "<group>";
		};
		B2ECEBE929FA3BCF009FB529 /* Level6 */ = {
			isa = PBXGroup;
			children = (
				B2DC62A629FD61690037A985 /* Level6.sks */,
				B2ECEBEA29FA3BCF009FB529 /* Level6.swift */,
			);
			path = Level6;
			sourceTree = "<group>";
		};
/* End PBXGroup section */

/* Begin PBXNativeTarget section */
		B259C4E829F8329B00DE7196 /* EmperorOfGold */ = {
			isa = PBXNativeTarget;
			buildConfigurationList = B259C50029F8329D00DE7196 /* Build configuration list for PBXNativeTarget "EmperorOfGold" */;
			buildPhases = (
				B259C4E529F8329B00DE7196 /* Sources */,
				B259C4E629F8329B00DE7196 /* Frameworks */,
				B259C4E729F8329B00DE7196 /* Resources */,
			);
			buildRules = (
			);
			dependencies = (
			);
			name = EmperorOfGold;
			productName = EmperorOfGold;
			productReference = B259C4E929F8329B00DE7196 /* EmperorOfGold.app */;
			productType = "com.apple.product-type.application";
		};
/* End PBXNativeTarget section */

/* Begin PBXProject section */
		B259C4E129F8329B00DE7196 /* Project object */ = {
			isa = PBXProject;
			attributes = {
				BuildIndependentTargetsInParallel = 1;
				LastSwiftUpdateCheck = 1410;
				LastUpgradeCheck = 1410;
				TargetAttributes = {
					B259C4E829F8329B00DE7196 = {
						CreatedOnToolsVersion = 14.1;
					};
				};
			};
			buildConfigurationList = B259C4E429F8329B00DE7196 /* Build configuration list for PBXProject "EmperorOfGold" */;
			compatibilityVersion = "Xcode 14.0";
			developmentRegion = en;
			hasScannedForEncodings = 0;
			knownRegions = (
				en,
				Base,
			);
			mainGroup = B259C4E029F8329B00DE7196;
			productRefGroup = B259C4EA29F8329B00DE7196 /* Products */;
			projectDirPath = "";
			projectRoot = "";
			targets = (
				B259C4E829F8329B00DE7196 /* EmperorOfGold */,
			);
		};
/* End PBXProject section */

/* Begin PBXResourcesBuildPhase section */
		B259C4E729F8329B00DE7196 /* Resources */ = {
			isa = PBXResourcesBuildPhase;
			buildActionMask = 2147483647;
			files = (
				B259C4FA29F8329D00DE7196 /* Assets.xcassets in Resources */,
				B259C4FD29F8329D00DE7196 /* LaunchScreen.storyboard in Resources */,
				B2DC62A729FD61690037A985 /* Level6.sks in Resources */,
				B2DA25F729F8FBDA00579E42 /* WheelOfFortuneScene.sks in Resources */,
				B2331D9F29F844E6008E7677 /* RulesScene.sks in Resources */,
				B2C168A129FA3E5F00E3534F /* Level10.sks in Resources */,
				B2C1689729FA3E4600E3534F /* Level8.sks in Resources */,
				B2C1689229FA3E3600E3534F /* Level7.sks in Resources */,
				B2331DA429F859CC008E7677 /* LoadScene.sks in Resources */,
				B2DA260E29F9BC4B00579E42 /* Level4.sks in Resources */,
				B2331DAF29F864F5008E7677 /* BuyThemeScene.sks in Resources */,
				B2331DAA29F86086008E7677 /* Level1.sks in Resources */,
				B2C1689C29FA3E5400E3534F /* Level9.sks in Resources */,
				B2331D9629F83969008E7677 /* MenuScene.sks in Resources */,
				B2331DB429F87189008E7677 /* SettingsScene.sks in Resources */,
				B2DA260429F9AFA100579E42 /* Level2.sks in Resources */,
				B2DA260929F9B58700579E42 /* Level3.sks in Resources */,
				B2DA261329F9C23900579E42 /* Level5.sks in Resources */,
			);
			runOnlyForDeploymentPostprocessing = 0;
		};
/* End PBXResourcesBuildPhase section */

/* Begin PBXSourcesBuildPhase section */
		B259C4E529F8329B00DE7196 /* Sources */ = {
			isa = PBXSourcesBuildPhase;
			buildActionMask = 2147483647;
			files = (
				B2DA260C29F9BC3900579E42 /* Level4.swift in Sources */,
				B2DA25FA29F90B4100579E42 /* GamePauseScene.swift in Sources */,
				B2331D9D29F844CA008E7677 /* RulesScene.swift in Sources */,
				B2DA25F529F8FBC300579E42 /* WheelOfFortuneScene.swift in Sources */,
				B2DA261129F9C20100579E42 /* Level5.swift in Sources */,
				B259C4F329F8329B00DE7196 /* MenuScene.swift in Sources */,
				B2C168A029FA3E5F00E3534F /* Level10.swift in Sources */,
				B2DA260229F9AF9100579E42 /* Level2.swift in Sources */,
				B259C4F529F8329B00DE7196 /* GameViewController.swift in Sources */,
				B259C4ED29F8329B00DE7196 /* AppDelegate.swift in Sources */,
				B2C1689129FA3E3600E3534F /* Level7.swift in Sources */,
				B2331DA829F86068008E7677 /* Level1.swift in Sources */,
				B2331DB229F87178008E7677 /* SettingsScene.swift in Sources */,
				B2C168A429FA41C500E3534F /* StorageManager.swift in Sources */,
				B2331DAD29F864E0008E7677 /* BuyThemeScene.swift in Sources */,
				B2DA260729F9B57700579E42 /* Level3.swift in Sources */,
				B2ECEBEC29FA3BCF009FB529 /* Level6.swift in Sources */,
				B2C1689B29FA3E5400E3534F /* Level9.swift in Sources */,
				B2DA25FD29F91EC700579E42 /* GameWinScene.swift in Sources */,
				B2331DA229F859BC008E7677 /* LoadScene.swift in Sources */,
				B2C1689629FA3E4600E3534F /* Level8.swift in Sources */,
			);
			runOnlyForDeploymentPostprocessing = 0;
		};
/* End PBXSourcesBuildPhase section */

/* Begin PBXVariantGroup section */
		B259C4FB29F8329D00DE7196 /* LaunchScreen.storyboard */ = {
			isa = PBXVariantGroup;
			children = (
				B259C4FC29F8329D00DE7196 /* Base */,
			);
			name = LaunchScreen.storyboard;
			sourceTree = "<group>";
		};
/* End PBXVariantGroup section */

/* Begin XCBuildConfiguration section */
		B259C4FE29F8329D00DE7196 /* Debug */ = {
			isa = XCBuildConfiguration;
			buildSettings = {
				ALWAYS_SEARCH_USER_PATHS = NO;
				CLANG_ANALYZER_NONNULL = YES;
				CLANG_ANALYZER_NUMBER_OBJECT_CONVERSION = YES_AGGRESSIVE;
				CLANG_CXX_LANGUAGE_STANDARD = "gnu++20";
				CLANG_ENABLE_MODULES = YES;
				CLANG_ENABLE_OBJC_ARC = YES;
				CLANG_ENABLE_OBJC_WEAK = YES;
				CLANG_WARN_BLOCK_CAPTURE_AUTORELEASING = YES;
				CLANG_WARN_BOOL_CONVERSION = YES;
				CLANG_WARN_COMMA = YES;
				CLANG_WARN_CONSTANT_CONVERSION = YES;
				CLANG_WARN_DEPRECATED_OBJC_IMPLEMENTATIONS = YES;
				CLANG_WARN_DIRECT_OBJC_ISA_USAGE = YES_ERROR;
				CLANG_WARN_DOCUMENTATION_COMMENTS = YES;
				CLANG_WARN_EMPTY_BODY = YES;
				CLANG_WARN_ENUM_CONVERSION = YES;
				CLANG_WARN_INFINITE_RECURSION = YES;
				CLANG_WARN_INT_CONVERSION = YES;
				CLANG_WARN_NON_LITERAL_NULL_CONVERSION = YES;
				CLANG_WARN_OBJC_IMPLICIT_RETAIN_SELF = YES;
				CLANG_WARN_OBJC_LITERAL_CONVERSION = YES;
				CLANG_WARN_OBJC_ROOT_CLASS = YES_ERROR;
				CLANG_WARN_QUOTED_INCLUDE_IN_FRAMEWORK_HEADER = YES;
				CLANG_WARN_RANGE_LOOP_ANALYSIS = YES;
				CLANG_WARN_STRICT_PROTOTYPES = YES;
				CLANG_WARN_SUSPICIOUS_MOVE = YES;
				CLANG_WARN_UNGUARDED_AVAILABILITY = YES_AGGRESSIVE;
				CLANG_WARN_UNREACHABLE_CODE = YES;
				CLANG_WARN__DUPLICATE_METHOD_MATCH = YES;
				COPY_PHASE_STRIP = NO;
				DEBUG_INFORMATION_FORMAT = dwarf;
				ENABLE_STRICT_OBJC_MSGSEND = YES;
				ENABLE_TESTABILITY = YES;
				GCC_C_LANGUAGE_STANDARD = gnu11;
				GCC_DYNAMIC_NO_PIC = NO;
				GCC_NO_COMMON_BLOCKS = YES;
				GCC_OPTIMIZATION_LEVEL = 0;
				GCC_PREPROCESSOR_DEFINITIONS = (
					"DEBUG=1",
					"$(inherited)",
				);
				GCC_WARN_64_TO_32_BIT_CONVERSION = YES;
				GCC_WARN_ABOUT_RETURN_TYPE = YES_ERROR;
				GCC_WARN_UNDECLARED_SELECTOR = YES;
				GCC_WARN_UNINITIALIZED_AUTOS = YES_AGGRESSIVE;
				GCC_WARN_UNUSED_FUNCTION = YES;
				GCC_WARN_UNUSED_VARIABLE = YES;
				IPHONEOS_DEPLOYMENT_TARGET = 16.1;
				MTL_ENABLE_DEBUG_INFO = INCLUDE_SOURCE;
				MTL_FAST_MATH = YES;
				ONLY_ACTIVE_ARCH = YES;
				SDKROOT = iphoneos;
				SWIFT_ACTIVE_COMPILATION_CONDITIONS = DEBUG;
				SWIFT_OPTIMIZATION_LEVEL = "-Onone";
			};
			name = Debug;
		};
		B259C4FF29F8329D00DE7196 /* Release */ = {
			isa = XCBuildConfiguration;
			buildSettings = {
				ALWAYS_SEARCH_USER_PATHS = NO;
				CLANG_ANALYZER_NONNULL = YES;
				CLANG_ANALYZER_NUMBER_OBJECT_CONVERSION = YES_AGGRESSIVE;
				CLANG_CXX_LANGUAGE_STANDARD = "gnu++20";
				CLANG_ENABLE_MODULES = YES;
				CLANG_ENABLE_OBJC_ARC = YES;
				CLANG_ENABLE_OBJC_WEAK = YES;
				CLANG_WARN_BLOCK_CAPTURE_AUTORELEASING = YES;
				CLANG_WARN_BOOL_CONVERSION = YES;
				CLANG_WARN_COMMA = YES;
				CLANG_WARN_CONSTANT_CONVERSION = YES;
				CLANG_WARN_DEPRECATED_OBJC_IMPLEMENTATIONS = YES;
				CLANG_WARN_DIRECT_OBJC_ISA_USAGE = YES_ERROR;
				CLANG_WARN_DOCUMENTATION_COMMENTS = YES;
				CLANG_WARN_EMPTY_BODY = YES;
				CLANG_WARN_ENUM_CONVERSION = YES;
				CLANG_WARN_INFINITE_RECURSION = YES;
				CLANG_WARN_INT_CONVERSION = YES;
				CLANG_WARN_NON_LITERAL_NULL_CONVERSION = YES;
				CLANG_WARN_OBJC_IMPLICIT_RETAIN_SELF = YES;
				CLANG_WARN_OBJC_LITERAL_CONVERSION = YES;
				CLANG_WARN_OBJC_ROOT_CLASS = YES_ERROR;
				CLANG_WARN_QUOTED_INCLUDE_IN_FRAMEWORK_HEADER = YES;
				CLANG_WARN_RANGE_LOOP_ANALYSIS = YES;
				CLANG_WARN_STRICT_PROTOTYPES = YES;
				CLANG_WARN_SUSPICIOUS_MOVE = YES;
				CLANG_WARN_UNGUARDED_AVAILABILITY = YES_AGGRESSIVE;
				CLANG_WARN_UNREACHABLE_CODE = YES;
				CLANG_WARN__DUPLICATE_METHOD_MATCH = YES;
				COPY_PHASE_STRIP = NO;
				DEBUG_INFORMATION_FORMAT = "dwarf-with-dsym";
				ENABLE_NS_ASSERTIONS = NO;
				ENABLE_STRICT_OBJC_MSGSEND = YES;
				GCC_C_LANGUAGE_STANDARD = gnu11;
				GCC_NO_COMMON_BLOCKS = YES;
				GCC_WARN_64_TO_32_BIT_CONVERSION = YES;
				GCC_WARN_ABOUT_RETURN_TYPE = YES_ERROR;
				GCC_WARN_UNDECLARED_SELECTOR = YES;
				GCC_WARN_UNINITIALIZED_AUTOS = YES_AGGRESSIVE;
				GCC_WARN_UNUSED_FUNCTION = YES;
				GCC_WARN_UNUSED_VARIABLE = YES;
				IPHONEOS_DEPLOYMENT_TARGET = 16.1;
				MTL_ENABLE_DEBUG_INFO = NO;
				MTL_FAST_MATH = YES;
				SDKROOT = iphoneos;
				SWIFT_COMPILATION_MODE = wholemodule;
				SWIFT_OPTIMIZATION_LEVEL = "-O";
				VALIDATE_PRODUCT = YES;
			};
			name = Release;
		};
		B259C50129F8329D00DE7196 /* Debug */ = {
			isa = XCBuildConfiguration;
			buildSettings = {
				ASSETCATALOG_COMPILER_APPICON_NAME = AppIcon;
				ASSETCATALOG_COMPILER_GLOBAL_ACCENT_COLOR_NAME = AccentColor;
				CODE_SIGN_STYLE = Automatic;
				CURRENT_PROJECT_VERSION = 1;
				DEVELOPMENT_TEAM = LUQ926BAHR;
				GENERATE_INFOPLIST_FILE = YES;
				INFOPLIST_KEY_UIApplicationSupportsIndirectInputEvents = YES;
				INFOPLIST_KEY_UILaunchStoryboardName = LaunchScreen;
				INFOPLIST_KEY_UIStatusBarHidden = YES;
				INFOPLIST_KEY_UISupportedInterfaceOrientations_iPad = "UIInterfaceOrientationPortrait UIInterfaceOrientationPortraitUpsideDown UIInterfaceOrientationLandscapeLeft UIInterfaceOrientationLandscapeRight";
				INFOPLIST_KEY_UISupportedInterfaceOrientations_iPhone = "UIInterfaceOrientationPortrait UIInterfaceOrientationLandscapeLeft UIInterfaceOrientationLandscapeRight";
				IPHONEOS_DEPLOYMENT_TARGET = 16.0;
				LD_RUNPATH_SEARCH_PATHS = (
					"$(inherited)",
					"@executable_path/Frameworks",
				);
				MARKETING_VERSION = 1.0;
				PRODUCT_BUNDLE_IDENTIFIER = vladShima.EmperorOfGold;
				PRODUCT_NAME = "$(TARGET_NAME)";
				SWIFT_EMIT_LOC_STRINGS = YES;
				SWIFT_VERSION = 5.0;
				TARGETED_DEVICE_FAMILY = "1,2";
			};
			name = Debug;
		};
		B259C50229F8329D00DE7196 /* Release */ = {
			isa = XCBuildConfiguration;
			buildSettings = {
				ASSETCATALOG_COMPILER_APPICON_NAME = AppIcon;
				ASSETCATALOG_COMPILER_GLOBAL_ACCENT_COLOR_NAME = AccentColor;
				CODE_SIGN_STYLE = Automatic;
				CURRENT_PROJECT_VERSION = 1;
				DEVELOPMENT_TEAM = LUQ926BAHR;
				GENERATE_INFOPLIST_FILE = YES;
				INFOPLIST_KEY_UIApplicationSupportsIndirectInputEvents = YES;
				INFOPLIST_KEY_UILaunchStoryboardName = LaunchScreen;
				INFOPLIST_KEY_UIStatusBarHidden = YES;
				INFOPLIST_KEY_UISupportedInterfaceOrientations_iPad = "UIInterfaceOrientationPortrait UIInterfaceOrientationPortraitUpsideDown UIInterfaceOrientationLandscapeLeft UIInterfaceOrientationLandscapeRight";
				INFOPLIST_KEY_UISupportedInterfaceOrientations_iPhone = "UIInterfaceOrientationPortrait UIInterfaceOrientationLandscapeLeft UIInterfaceOrientationLandscapeRight";
				IPHONEOS_DEPLOYMENT_TARGET = 16.0;
				LD_RUNPATH_SEARCH_PATHS = (
					"$(inherited)",
					"@executable_path/Frameworks",
				);
				MARKETING_VERSION = 1.0;
				PRODUCT_BUNDLE_IDENTIFIER = vladShima.EmperorOfGold;
				PRODUCT_NAME = "$(TARGET_NAME)";
				SWIFT_EMIT_LOC_STRINGS = YES;
				SWIFT_VERSION = 5.0;
				TARGETED_DEVICE_FAMILY = "1,2";
			};
			name = Release;
		};
/* End XCBuildConfiguration section */

/* Begin XCConfigurationList section */
		B259C4E429F8329B00DE7196 /* Build configuration list for PBXProject "EmperorOfGold" */ = {
			isa = XCConfigurationList;
			buildConfigurations = (
				B259C4FE29F8329D00DE7196 /* Debug */,
				B259C4FF29F8329D00DE7196 /* Release */,
			);
			defaultConfigurationIsVisible = 0;
			defaultConfigurationName = Release;
		};
		B259C50029F8329D00DE7196 /* Build configuration list for PBXNativeTarget "EmperorOfGold" */ = {
			isa = XCConfigurationList;
			buildConfigurations = (
				B259C50129F8329D00DE7196 /* Debug */,
				B259C50229F8329D00DE7196 /* Release */,
			);
			defaultConfigurationIsVisible = 0;
			defaultConfigurationName = Release;
		};
/* End XCConfigurationList section */
	};
	rootObject = B259C4E129F8329B00DE7196 /* Project object */;
}
